github.com/gorilla/mux v1.8.0 h1:i40aqfkR1h2SlN9hojwV5ZA91wcXFOvkdNIeFDP5koI=
github.com/gorilla/mux v1.8.0/go.mod h1:DVbg23sWSpFRCP0SfiEN6jmj59UnW/n46BH5rLB71So=
github.com/phuslu/log v1.0.83 h1:zfqz5tfFPLF8w0jEscpDxE2aFg1Y1kcbORDPliKdIbU=
github.com/phuslu/log v1.0.83/go.mod h1:yAZh4pv6KxAsJDmJIcVSMxkMiUF7mJbpFN3vROkf0dc=
golang.org/x/exp v0.0.0-20221114191408-850992195362 h1:NoHlPRbyl1VFI6FjwHtPQCN7wAMXI6cKcqrmXhOOfBQ=
golang.org/x/exp v0.0.0-20221114191408-850992195362/go.mod h1:CxIveKay+FTh1D0yPZemJVgC/95VzuuOLq5Qi4xnoYc=
